
Microsoft Visual Studio Solution File, Format Version 12.00
Project("{2150E333-8FDC-42A3-9474-1A3956D46DE8}") = "UI", "UI", "{B0909B61-DE9E-4EAB-89FE-08594DEBB0A9}"
EndProject
Project("{FAE04EC0-301F-11D3-BF4B-00C04F79EFBC}") = "Charmaran.UI", "UI\Charmaran.UI\Charmaran.UI.csproj", "{94B9069B-E591-4871-9641-5B653F3350F3}"
EndProject
Project("{2150E333-8FDC-42A3-9474-1A3956D46DE8}") = "Api", "Api", "{A25A5015-051D-436F-9C1F-F84CEDD40F22}"
EndProject
Project("{2150E333-8FDC-42A3-9474-1A3956D46DE8}") = "Core", "Core", "{53995397-8397-4A56-8A77-EFE9A230D7BD}"
EndProject
Project("{2150E333-8FDC-42A3-9474-1A3956D46DE8}") = "Infrastructure", "Infrastructure", "{CC63B093-DCBF-48BE-98AA-6147A7891FDD}"
EndProject
Project("{2150E333-8FDC-42A3-9474-1A3956D46DE8}") = "Tests", "Tests", "{70044AFA-550B-4E71-ABBC-788BB5147766}"
EndProject
Project("{FAE04EC0-301F-11D3-BF4B-00C04F79EFBC}") = "Charmaran.Domain", "Core\Charmaran.Domain\Charmaran.Domain.csproj", "{EDC81EB6-8156-4636-AD17-A474040AC8D0}"
EndProject
Project("{FAE04EC0-301F-11D3-BF4B-00C04F79EFBC}") = "Charmaran.Shared", "Core\Charmaran.Shared\Charmaran.Shared.csproj", "{5576C531-243D-4A9D-9B0D-61F17C193DE7}"
EndProject
Project("{FAE04EC0-301F-11D3-BF4B-00C04F79EFBC}") = "Charmaran.Application", "Core\Charmaran.Application\Charmaran.Application.csproj", "{E0090EB1-8037-4149-B855-BB84EE2FECE9}"
EndProject
Project("{FAE04EC0-301F-11D3-BF4B-00C04F79EFBC}") = "Charmaran.Persistence", "Infrastructure\Charmaran.Persistence\Charmaran.Persistence.csproj", "{4F1E241F-55A4-4932-BFA9-C1E869504C11}"
EndProject
Project("{FAE04EC0-301F-11D3-BF4B-00C04F79EFBC}") = "Charmaran.Identity", "Infrastructure\Charmaran.Identity\Charmaran.Identity.csproj", "{8305B406-C8DE-46FC-9582-26CA00154C8F}"
EndProject
Project("{FAE04EC0-301F-11D3-BF4B-00C04F79EFBC}") = "Charmaran.Mail", "Infrastructure\Charmaran.Mail\Charmaran.Mail.csproj", "{804E2ED2-BB1F-4CA6-B3FC-B1CD927D1752}"
EndProject
Project("{FAE04EC0-301F-11D3-BF4B-00C04F79EFBC}") = "Charmaran.Worker", "Infrastructure\Charmaran.Worker\Charmaran.Worker.csproj", "{391984CB-75C0-4875-A180-11E083F5D2E2}"
EndProject
Project("{FAE04EC0-301F-11D3-BF4B-00C04F79EFBC}") = "Charmaran.Api", "Api\Charmaran.Api\Charmaran.Api.csproj", "{F42F213C-868C-42BA-BB80-90B4FA9D64D9}"
EndProject
Project("{FAE04EC0-301F-11D3-BF4B-00C04F79EFBC}") = "Charmaran.FastEndpoints", "Api\Charmaran.FastEndpoints\Charmaran.FastEndpoints.csproj", "{20832A40-9F65-499B-B3F5-DE2F6EE6D060}"
EndProject
Project("{FAE04EC0-301F-11D3-BF4B-00C04F79EFBC}") = "Charmaran.WebUI", "UI\Charmaran.WebUI\Charmaran.WebUI.csproj", "{89B4CC1E-95E0-47ED-AB4F-8C6F8273BA26}"
EndProject
Global
	GlobalSection(SolutionConfigurationPlatforms) = preSolution
		Debug|Any CPU = Debug|Any CPU
		Release|Any CPU = Release|Any CPU
	EndGlobalSection
	GlobalSection(ProjectConfigurationPlatforms) = postSolution
		{94B9069B-E591-4871-9641-5B653F3350F3}.Debug|Any CPU.ActiveCfg = Debug|Any CPU
		{94B9069B-E591-4871-9641-5B653F3350F3}.Debug|Any CPU.Build.0 = Debug|Any CPU
		{94B9069B-E591-4871-9641-5B653F3350F3}.Release|Any CPU.ActiveCfg = Release|Any CPU
		{94B9069B-E591-4871-9641-5B653F3350F3}.Release|Any CPU.Build.0 = Release|Any CPU
		{EDC81EB6-8156-4636-AD17-A474040AC8D0}.Debug|Any CPU.ActiveCfg = Debug|Any CPU
		{EDC81EB6-8156-4636-AD17-A474040AC8D0}.Debug|Any CPU.Build.0 = Debug|Any CPU
		{EDC81EB6-8156-4636-AD17-A474040AC8D0}.Release|Any CPU.ActiveCfg = Release|Any CPU
		{EDC81EB6-8156-4636-AD17-A474040AC8D0}.Release|Any CPU.Build.0 = Release|Any CPU
		{5576C531-243D-4A9D-9B0D-61F17C193DE7}.Debug|Any CPU.ActiveCfg = Debug|Any CPU
		{5576C531-243D-4A9D-9B0D-61F17C193DE7}.Debug|Any CPU.Build.0 = Debug|Any CPU
		{5576C531-243D-4A9D-9B0D-61F17C193DE7}.Release|Any CPU.ActiveCfg = Release|Any CPU
		{5576C531-243D-4A9D-9B0D-61F17C193DE7}.Release|Any CPU.Build.0 = Release|Any CPU
		{E0090EB1-8037-4149-B855-BB84EE2FECE9}.Debug|Any CPU.ActiveCfg = Debug|Any CPU
		{E0090EB1-8037-4149-B855-BB84EE2FECE9}.Debug|Any CPU.Build.0 = Debug|Any CPU
		{E0090EB1-8037-4149-B855-BB84EE2FECE9}.Release|Any CPU.ActiveCfg = Release|Any CPU
		{E0090EB1-8037-4149-B855-BB84EE2FECE9}.Release|Any CPU.Build.0 = Release|Any CPU
		{4F1E241F-55A4-4932-BFA9-C1E869504C11}.Debug|Any CPU.ActiveCfg = Debug|Any CPU
		{4F1E241F-55A4-4932-BFA9-C1E869504C11}.Debug|Any CPU.Build.0 = Debug|Any CPU
		{4F1E241F-55A4-4932-BFA9-C1E869504C11}.Release|Any CPU.ActiveCfg = Release|Any CPU
		{4F1E241F-55A4-4932-BFA9-C1E869504C11}.Release|Any CPU.Build.0 = Release|Any CPU
		{8305B406-C8DE-46FC-9582-26CA00154C8F}.Debug|Any CPU.ActiveCfg = Debug|Any CPU
		{8305B406-C8DE-46FC-9582-26CA00154C8F}.Debug|Any CPU.Build.0 = Debug|Any CPU
		{8305B406-C8DE-46FC-9582-26CA00154C8F}.Release|Any CPU.ActiveCfg = Release|Any CPU
		{8305B406-C8DE-46FC-9582-26CA00154C8F}.Release|Any CPU.Build.0 = Release|Any CPU
		{804E2ED2-BB1F-4CA6-B3FC-B1CD927D1752}.Debug|Any CPU.ActiveCfg = Debug|Any CPU
		{804E2ED2-BB1F-4CA6-B3FC-B1CD927D1752}.Debug|Any CPU.Build.0 = Debug|Any CPU
		{804E2ED2-BB1F-4CA6-B3FC-B1CD927D1752}.Release|Any CPU.ActiveCfg = Release|Any CPU
		{804E2ED2-BB1F-4CA6-B3FC-B1CD927D1752}.Release|Any CPU.Build.0 = Release|Any CPU
		{391984CB-75C0-4875-A180-11E083F5D2E2}.Debug|Any CPU.ActiveCfg = Debug|Any CPU
		{391984CB-75C0-4875-A180-11E083F5D2E2}.Debug|Any CPU.Build.0 = Debug|Any CPU
		{391984CB-75C0-4875-A180-11E083F5D2E2}.Release|Any CPU.ActiveCfg = Release|Any CPU
		{391984CB-75C0-4875-A180-11E083F5D2E2}.Release|Any CPU.Build.0 = Release|Any CPU
		{F42F213C-868C-42BA-BB80-90B4FA9D64D9}.Debug|Any CPU.ActiveCfg = Debug|Any CPU
		{F42F213C-868C-42BA-BB80-90B4FA9D64D9}.Debug|Any CPU.Build.0 = Debug|Any CPU
		{F42F213C-868C-42BA-BB80-90B4FA9D64D9}.Release|Any CPU.ActiveCfg = Release|Any CPU
		{F42F213C-868C-42BA-BB80-90B4FA9D64D9}.Release|Any CPU.Build.0 = Release|Any CPU
		{20832A40-9F65-499B-B3F5-DE2F6EE6D060}.Debug|Any CPU.ActiveCfg = Debug|Any CPU
		{20832A40-9F65-499B-B3F5-DE2F6EE6D060}.Debug|Any CPU.Build.0 = Debug|Any CPU
		{20832A40-9F65-499B-B3F5-DE2F6EE6D060}.Release|Any CPU.ActiveCfg = Release|Any CPU
		{20832A40-9F65-499B-B3F5-DE2F6EE6D060}.Release|Any CPU.Build.0 = Release|Any CPU
		{89B4CC1E-95E0-47ED-AB4F-8C6F8273BA26}.Debug|Any CPU.ActiveCfg = Debug|Any CPU
		{89B4CC1E-95E0-47ED-AB4F-8C6F8273BA26}.Debug|Any CPU.Build.0 = Debug|Any CPU
		{89B4CC1E-95E0-47ED-AB4F-8C6F8273BA26}.Release|Any CPU.ActiveCfg = Release|Any CPU
		{89B4CC1E-95E0-47ED-AB4F-8C6F8273BA26}.Release|Any CPU.Build.0 = Release|Any CPU
	EndGlobalSection
	GlobalSection(NestedProjects) = preSolution
		{94B9069B-E591-4871-9641-5B653F3350F3} = {B0909B61-DE9E-4EAB-89FE-08594DEBB0A9}
		{EDC81EB6-8156-4636-AD17-A474040AC8D0} = {53995397-8397-4A56-8A77-EFE9A230D7BD}
		{5576C531-243D-4A9D-9B0D-61F17C193DE7} = {53995397-8397-4A56-8A77-EFE9A230D7BD}
		{E0090EB1-8037-4149-B855-BB84EE2FECE9} = {53995397-8397-4A56-8A77-EFE9A230D7BD}
		{4F1E241F-55A4-4932-BFA9-C1E869504C11} = {CC63B093-DCBF-48BE-98AA-6147A7891FDD}
		{8305B406-C8DE-46FC-9582-26CA00154C8F} = {CC63B093-DCBF-48BE-98AA-6147A7891FDD}
		{804E2ED2-BB1F-4CA6-B3FC-B1CD927D1752} = {CC63B093-DCBF-48BE-98AA-6147A7891FDD}
		{391984CB-75C0-4875-A180-11E083F5D2E2} = {CC63B093-DCBF-48BE-98AA-6147A7891FDD}
		{F42F213C-868C-42BA-BB80-90B4FA9D64D9} = {A25A5015-051D-436F-9C1F-F84CEDD40F22}
		{20832A40-9F65-499B-B3F5-DE2F6EE6D060} = {A25A5015-051D-436F-9C1F-F84CEDD40F22}
		{89B4CC1E-95E0-47ED-AB4F-8C6F8273BA26} = {B0909B61-DE9E-4EAB-89FE-08594DEBB0A9}
	EndGlobalSection
EndGlobal
